// !$*UTF8*$!
{
	archiveVersion = 1;
	classes = {
	};
	objectVersion = 50;
	objects = {

/* Begin PBXBuildFile section */
		540ABD50228340B800EFE308 /* AppDelegate.swift in Sources */ = {isa = PBXBuildFile; fileRef = 540ABD4F228340B800EFE308 /* AppDelegate.swift */; };
		540ABD52228340B800EFE308 /* ViewController.swift in Sources */ = {isa = PBXBuildFile; fileRef = 540ABD51228340B800EFE308 /* ViewController.swift */; };
		540ABD55228340B800EFE308 /* Main.storyboard in Resources */ = {isa = PBXBuildFile; fileRef = 540ABD53228340B800EFE308 /* Main.storyboard */; };
		540ABD57228340B900EFE308 /* Assets.xcassets in Resources */ = {isa = PBXBuildFile; fileRef = 540ABD56228340B900EFE308 /* Assets.xcassets */; };
		540ABD5A228340B900EFE308 /* LaunchScreen.storyboard in Resources */ = {isa = PBXBuildFile; fileRef = 540ABD58228340B900EFE308 /* LaunchScreen.storyboard */; };
		540ABD62228341B800EFE308 /* Color.swift in Sources */ = {isa = PBXBuildFile; fileRef = 540ABD61228341B800EFE308 /* Color.swift */; };
		540ABD642283424100EFE308 /* ColorTableViewController.swift in Sources */ = {isa = PBXBuildFile; fileRef = 540ABD632283424100EFE308 /* ColorTableViewController.swift */; };
/* End PBXBuildFile section */

/* Begin PBXFileReference section */
		540ABD4C228340B800EFE308 /* Colores.app */ = {isa = PBXFileReference; explicitFileType = wrapper.application; includeInIndex = 0; path = Colores.app; sourceTree = BUILT_PRODUCTS_DIR; };
		540ABD4F228340B800EFE308 /* AppDelegate.swift */ = {isa = PBXFileReference; lastKnownFileType = sourcecode.swift; path = AppDelegate.swift; sourceTree = "<group>"; };
		540ABD51228340B800EFE308 /* ViewController.swift */ = {isa = PBXFileReference; lastKnownFileType = sourcecode.swift; path = ViewController.swift; sourceTree = "<group>"; };
		540ABD54228340B800EFE308 /* Base */ = {isa = PBXFileReference; lastKnownFileType = file.storyboard; name = Base; path = Base.lproj/Main.storyboard; sourceTree = "<group>"; };
		540ABD56228340B900EFE308 /* Assets.xcassets */ = {isa = PBXFileReference; lastKnownFileType = folder.assetcatalog; path = Assets.xcassets; sourceTree = "<group>"; };
		540ABD59228340B900EFE308 /* Base */ = {isa = PBXFileReference; lastKnownFileType = file.storyboard; name = Base; path = Base.lproj/LaunchScreen.storyboard; sourceTree = "<group>"; };
		540ABD5B228340B900EFE308 /* Info.plist */ = {isa = PBXFileReference; lastKnownFileType = text.plist.xml; path = Info.plist; sourceTree = "<group>"; };
		540ABD61228341B800EFE308 /* Color.swift */ = {isa = PBXFileReference; lastKnownFileType = sourcecode.swift; path = Color.swift; sourceTree = "<group>"; };
		540ABD632283424100EFE308 /* ColorTableViewController.swift */ = {isa = PBXFileReference; lastKnownFileType = sourcecode.swift; path = ColorTableViewController.swift; sourceTree = "<group>"; };
/* End PBXFileReference section */

/* Begin PBXFrameworksBuildPhase section */
		540ABD49228340B800EFE308 /* Frameworks */ = {
			isa = PBXFrameworksBuildPhase;
			buildActionMask = 2147483647;
			files = (
			);
			runOnlyForDeploymentPostprocessing = 0;
		};
/* End PBXFrameworksBuildPhase section */

/* Begin PBXGroup section */
		540ABD43228340B800EFE308 = {
			isa = PBXGroup;
			children = (
				540ABD4E228340B800EFE308 /* Colores */,
				540ABD4D228340B800EFE308 /* Products */,
			);
			sourceTree = "<group>";
		};
		540ABD4D228340B800EFE308 /* Products */ = {
			isa = PBXGroup;
			children = (
				540ABD4C228340B800EFE308 /* Colores.app */,
			);
			name = Products;
			sourceTree = "<group>";
		};
		540ABD4E228340B800EFE308 /* Colores */ = {
			isa = PBXGroup;
			children = (
				540ABD4F228340B800EFE308 /* AppDelegate.swift */,
				540ABD51228340B800EFE308 /* ViewController.swift */,
				540ABD53228340B800EFE308 /* Main.storyboard */,
				540ABD56228340B900EFE308 /* Assets.xcassets */,
				540ABD58228340B900EFE308 /* LaunchScreen.storyboard */,
				540ABD5B228340B900EFE308 /* Info.plist */,
				540ABD61228341B800EFE308 /* Color.swift */,
				540ABD632283424100EFE308 /* ColorTableViewController.swift */,
			);
			path = Colores;
			sourceTree = "<group>";
		};
/* End PBXGroup section */

/* Begin PBXNativeTarget section */
		540ABD4B228340B800EFE308 /* Colores */ = {
			isa = PBXNativeTarget;
			buildConfigurationList = 540ABD5E228340B900EFE308 /* Build configuration list for PBXNativeTarget "Colores" */;
			buildPhases = (
				540ABD48228340B800EFE308 /* Sources */,
				540ABD49228340B800EFE308 /* Frameworks */,
				540ABD4A228340B800EFE308 /* Resources */,
			);
			buildRules = (
			);
			dependencies = (
			);
			name = Colores;
			productName = Colores;
			productReference = 540ABD4C228340B800EFE308 /* Colores.app */;
			productType = "com.apple.product-type.application";
		};
/* End PBXNativeTarget section */

/* Begin PBXProject section */
		540ABD44228340B800EFE308 /* Project object */ = {
			isa = PBXProject;
			attributes = {
				LastSwiftUpdateCheck = 1010;
				LastUpgradeCheck = 1010;
				ORGANIZATIONNAME = "2019-2";
				TargetAttributes = {
					540ABD4B228340B800EFE308 = {
						CreatedOnToolsVersion = 10.1;
					};
				};
			};
			buildConfigurationList = 540ABD47228340B800EFE308 /* Build configuration list for PBXProject "Colores" */;
			compatibilityVersion = "Xcode 9.3";
			developmentRegion = en;
			hasScannedForEncodings = 0;
			knownRegions = (
				en,
				Base,
			);
			mainGroup = 540ABD43228340B800EFE308;
			productRefGroup = 540ABD4D228340B800EFE308 /* Products */;
			projectDirPath = "";
			projectRoot = "";
			targets = (
				540ABD4B228340B800EFE308 /* Colores */,
			);
		};
/* End PBXProject section */

/* Begin PBXResourcesBuildPhase section */
		540ABD4A228340B800EFE308 /* Resources */ = {
			isa = PBXResourcesBuildPhase;
			buildActionMask = 2147483647;
			files = (
				540ABD5A228340B900EFE308 /* LaunchScreen.storyboard in Resources */,
				540ABD57228340B900EFE308 /* Assets.xcassets in Resources */,
				540ABD55228340B800EFE308 /* Main.storyboard in Resources */,
			);
			runOnlyForDeploymentPostprocessing = 0;
		};
/* End PBXResourcesBuildPhase section */

/* Begin PBXSourcesBuildPhase section */
		540ABD48228340B800EFE308 /* Sources */ = {
			isa = PBXSourcesBuildPhase;
			buildActionMask = 2147483647;
			files = (
				540ABD52228340B800EFE308 /* ViewController.swift in Sources */,
				540ABD50228340B800EFE308 /* AppDelegate.swift in Sources */,
				540ABD62228341B800EFE308 /* Color.swift in Sources */,
				540ABD642283424100EFE308 /* ColorTableViewController.swift in Sources */,
			);
			runOnlyForDeploymentPostprocessing = 0;
		};
/* End PBXSourcesBuildPhase section */

/* Begin PBXVariantGroup section */
		540ABD53228340B800EFE308 /* Main.storyboard */ = {
			isa = PBXVariantGroup;
			children = (
				540ABD54228340B800EFE308 /* Base */,
			);
			name = Main.storyboard;
			sourceTree = "<group>";
		};
		540ABD58228340B900EFE308 /* LaunchScreen.storyboard */ = {
			isa = PBXVariantGroup;
			children = (
				540ABD59228340B900EFE308 /* Base */,
			);
			name = LaunchScreen.storyboard;
			sourceTree = "<group>";
		};
/* End PBXVariantGroup section */

/* Begin XCBuildConfiguration section */
		540ABD5C228340B900EFE308 /* Debug */ = {
			isa = XCBuildConfiguration;
			buildSettings = {
				ALWAYS_SEARCH_USER_PATHS = NO;
				CLANG_ANALYZER_NONNULL = YES;
				CLANG_ANALYZER_NUMBER_OBJECT_CONVERSION = YES_AGGRESSIVE;
				CLANG_CXX_LANGUAGE_STANDARD = "gnu++14";
				CLANG_CXX_LIBRARY = "libc++";
				CLANG_ENABLE_MODULES = YES;
				CLANG_ENABLE_OBJC_ARC = YES;
				CLANG_ENABLE_OBJC_WEAK = YES;
				CLANG_WARN_BLOCK_CAPTURE_AUTORELEASING = YES;
				CLANG_WARN_BOOL_CONVERSION = YES;
				CLANG_WARN_COMMA = YES;
				CLANG_WARN_CONSTANT_CONVERSION = YES;
				CLANG_WARN_DEPRECATED_OBJC_IMPLEMENTATIONS = YES;
				CLANG_WARN_DIRECT_OBJC_ISA_USAGE = YES_ERROR;
				CLANG_WARN_DOCUMENTATION_COMMENTS = YES;
				CLANG_WARN_EMPTY_BODY = YES;
				CLANG_WARN_ENUM_CONVERSION = YES;
				CLANG_WARN_INFINITE_RECURSION = YES;
				CLANG_WARN_INT_CONVERSION = YES;
				CLANG_WARN_NON_LITERAL_NULL_CONVERSION = YES;
				CLANG_WARN_OBJC_IMPLICIT_RETAIN_SELF = YES;
				CLANG_WARN_OBJC_LITERAL_CONVERSION = YES;
				CLANG_WARN_OBJC_ROOT_CLASS = YES_ERROR;
				CLANG_WARN_RANGE_LOOP_ANALYSIS = YES;
				CLANG_WARN_STRICT_PROTOTYPES = YES;
				CLANG_WARN_SUSPICIOUS_MOVE = YES;
				CLANG_WARN_UNGUARDED_AVAILABILITY = YES_AGGRESSIVE;
				CLANG_WARN_UNREACHABLE_CODE = YES;
				CLANG_WARN__DUPLICATE_METHOD_MATCH = YES;
				CODE_SIGN_IDENTITY = "iPhone Developer";
				COPY_PHASE_STRIP = NO;
				DEBUG_INFORMATION_FORMAT = dwarf;
				ENABLE_STRICT_OBJC_MSGSEND = YES;
				ENABLE_TESTABILITY = YES;
				GCC_C_LANGUAGE_STANDARD = gnu11;
				GCC_DYNAMIC_NO_PIC = NO;
				GCC_NO_COMMON_BLOCKS = YES;
				GCC_OPTIMIZATION_LEVEL = 0;
				GCC_PREPROCESSOR_DEFINITIONS = (
					"DEBUG=1",
					"$(inherited)",
				);
				GCC_WARN_64_TO_32_BIT_CONVERSION = YES;
				GCC_WARN_ABOUT_RETURN_TYPE = YES_ERROR;
				GCC_WARN_UNDECLARED_SELECTOR = YES;
				GCC_WARN_UNINITIALIZED_AUTOS = YES_AGGRESSIVE;
				GCC_WARN_UNUSED_FUNCTION = YES;
				GCC_WARN_UNUSED_VARIABLE = YES;
				IPHONEOS_DEPLOYMENT_TARGET = 12.1;
				MTL_ENABLE_DEBUG_INFO = INCLUDE_SOURCE;
				MTL_FAST_MATH = YES;
				ONLY_ACTIVE_ARCH = YES;
				SDKROOT = iphoneos;
				SWIFT_ACTIVE_COMPILATION_CONDITIONS = DEBUG;
				SWIFT_OPTIMIZATION_LEVEL = "-Onone";
			};
			name = Debug;
		};
		540ABD5D228340B900EFE308 /* Release */ = {
			isa = XCBuildConfiguration;
			buildSettings = {
				ALWAYS_SEARCH_USER_PATHS = NO;
				CLANG_ANALYZER_NONNULL = YES;
				CLANG_ANALYZER_NUMBER_OBJECT_CONVERSION = YES_AGGRESSIVE;
				CLANG_CXX_LANGUAGE_STANDARD = "gnu++14";
				CLANG_CXX_LIBRARY = "libc++";
				CLANG_ENABLE_MODULES = YES;
				CLANG_ENABLE_OBJC_ARC = YES;
				CLANG_ENABLE_OBJC_WEAK = YES;
				CLANG_WARN_BLOCK_CAPTURE_AUTORELEASING = YES;
				CLANG_WARN_BOOL_CONVERSION = YES;
				CLANG_WARN_COMMA = YES;
				CLANG_WARN_CONSTANT_CONVERSION = YES;
				CLANG_WARN_DEPRECATED_OBJC_IMPLEMENTATIONS = YES;
				CLANG_WARN_DIRECT_OBJC_ISA_USAGE = YES_ERROR;
				CLANG_WARN_DOCUMENTATION_COMMENTS = YES;
				CLANG_WARN_EMPTY_BODY = YES;
				CLANG_WARN_ENUM_CONVERSION = YES;
				CLANG_WARN_INFINITE_RECURSION = YES;
				CLANG_WARN_INT_CONVERSION = YES;
				CLANG_WARN_NON_LITERAL_NULL_CONVERSION = YES;
				CLANG_WARN_OBJC_IMPLICIT_RETAIN_SELF = YES;
				CLANG_WARN_OBJC_LITERAL_CONVERSION = YES;
				CLANG_WARN_OBJC_ROOT_CLASS = YES_ERROR;
				CLANG_WARN_RANGE_LOOP_ANALYSIS = YES;
				CLANG_WARN_STRICT_PROTOTYPES = YES;
				CLANG_WARN_SUSPICIOUS_MOVE = YES;
				CLANG_WARN_UNGUARDED_AVAILABILITY = YES_AGGRESSIVE;
				CLANG_WARN_UNREACHABLE_CODE = YES;
				CLANG_WARN__DUPLICATE_METHOD_MATCH = YES;
				CODE_SIGN_IDENTITY = "iPhone Developer";
				COPY_PHASE_STRIP = NO;
				DEBUG_INFORMATION_FORMAT = "dwarf-with-dsym";
				ENABLE_NS_ASSERTIONS = NO;
				ENABLE_STRICT_OBJC_MSGSEND = YES;
				GCC_C_LANGUAGE_STANDARD = gnu11;
				GCC_NO_COMMON_BLOCKS = YES;
				GCC_WARN_64_TO_32_BIT_CONVERSION = YES;
				GCC_WARN_ABOUT_RETURN_TYPE = YES_ERROR;
				GCC_WARN_UNDECLARED_SELECTOR = YES;
				GCC_WARN_UNINITIALIZED_AUTOS = YES_AGGRESSIVE;
				GCC_WARN_UNUSED_FUNCTION = YES;
				GCC_WARN_UNUSED_VARIABLE = YES;
				IPHONEOS_DEPLOYMENT_TARGET = 12.1;
				MTL_ENABLE_DEBUG_INFO = NO;
				MTL_FAST_MATH = YES;
				SDKROOT = iphoneos;
				SWIFT_COMPILATION_MODE = wholemodule;
				SWIFT_OPTIMIZATION_LEVEL = "-O";
				VALIDATE_PRODUCT = YES;
			};
			name = Release;
		};
		540ABD5F228340B900EFE308 /* Debug */ = {
			isa = XCBuildConfiguration;
			buildSettings = {
				ASSETCATALOG_COMPILER_APPICON_NAME = AppIcon;
				CODE_SIGN_STYLE = Automatic;
				INFOPLIST_FILE = Colores/Info.plist;
				LD_RUNPATH_SEARCH_PATHS = (
					"$(inherited)",
					"@executable_path/Frameworks",
				);
				PRODUCT_BUNDLE_IDENTIFIER = UNAM.Colores;
				PRODUCT_NAME = "$(TARGET_NAME)";
				SWIFT_VERSION = 4.2;
				TARGETED_DEVICE_FAMILY = "1,2";
			};
			name = Debug;
		};
		540ABD60228340B900EFE308 /* Release */ = {
			isa = XCBuildConfiguration;
			buildSettings = {
				ASSETCATALOG_COMPILER_APPICON_NAME = AppIcon;
				CODE_SIGN_STYLE = Automatic;
				INFOPLIST_FILE = Colores/Info.plist;
				LD_RUNPATH_SEARCH_PATHS = (
					"$(inherited)",
					"@executable_path/Frameworks",
				);
				PRODUCT_BUNDLE_IDENTIFIER = UNAM.Colores;
				PRODUCT_NAME = "$(TARGET_NAME)";
				SWIFT_VERSION = 4.2;
				TARGETED_DEVICE_FAMILY = "1,2";
			};
			name = Release;
		};
/* End XCBuildConfiguration section */

/* Begin XCConfigurationList section */
		540ABD47228340B800EFE308 /* Build configuration list for PBXProject "Colores" */ = {
			isa = XCConfigurationList;
			buildConfigurations = (
				540ABD5C228340B900EFE308 /* Debug */,
				540ABD5D228340B900EFE308 /* Release */,
			);
			defaultConfigurationIsVisible = 0;
			defaultConfigurationName = Release;
		};
		540ABD5E228340B900EFE308 /* Build configuration list for PBXNativeTarget "Colores" */ = {
			isa = XCConfigurationList;
			buildConfigurations = (
				540ABD5F228340B900EFE308 /* Debug */,
				540ABD60228340B900EFE308 /* Release */,
			);
			defaultConfigurationIsVisible = 0;
			defaultConfigurationName = Release;
		};
/* End XCConfigurationList section */
	};
	rootObject = 540ABD44228340B800EFE308 /* Project object */;
}
